
Microsoft Visual Studio Solution File, Format Version 12.00
# Visual Studio 15
VisualStudioVersion = 15.0.27130.2026
MinimumVisualStudioVersion = 10.0.40219.1
Project("{FAE04EC0-301F-11D3-BF4B-00C04F79EFBC}") = "ProjetFilRouge(2)", "ProjetFilRouge(2)\ProjetFilRouge(2).csproj", "{7FEC774B-F896-4800-80B6-3AB72A28E213}"
EndProject
Global
	GlobalSection(SolutionConfigurationPlatforms) = preSolution
		Debug|Any CPU = Debug|Any CPU
		Release|Any CPU = Release|Any CPU
	EndGlobalSection
	GlobalSection(ProjectConfigurationPlatforms) = postSolution
		{7FEC774B-F896-4800-80B6-3AB72A28E213}.Debug|Any CPU.ActiveCfg = Debug|Any CPU
		{7FEC774B-F896-4800-80B6-3AB72A28E213}.Debug|Any CPU.Build.0 = Debug|Any CPU
		{7FEC774B-F896-4800-80B6-3AB72A28E213}.Release|Any CPU.ActiveCfg = Release|Any CPU
		{7FEC774B-F896-4800-80B6-3AB72A28E213}.Release|Any CPU.Build.0 = Release|Any CPU
	EndGlobalSection
	GlobalSection(SolutionProperties) = preSolution
		HideSolutionNode = FALSE
	EndGlobalSection
	GlobalSection(ExtensibilityGlobals) = postSolution
		SolutionGuid = {0E252120-6187-4998-A513-9E3C38708569}
	EndGlobalSection
EndGlobal
