Microsoft Visual Studio Solution File, Format Version 12.00
# Visual Studio Version 17
VisualStudioVersion = 17.5.2.0
MinimumVisualStudioVersion = 10.0.40219.1
Project("{FAE04EC0-301F-11D3-BF4B-00C04F79EFBC}") = "POOI-PFR-Rendu-3", "POOI-PFR-Rendu-3.csproj", "{9F3A6BDE-F9D3-55AC-821D-F866B0505DE4}"
EndProject
Global
	GlobalSection(SolutionConfigurationPlatforms) = preSolution
		Debug|Any CPU = Debug|Any CPU
		Release|Any CPU = Release|Any CPU
	EndGlobalSection
	GlobalSection(ProjectConfigurationPlatforms) = postSolution
		{9F3A6BDE-F9D3-55AC-821D-F866B0505DE4}.Debug|Any CPU.ActiveCfg = Debug|Any CPU
		{9F3A6BDE-F9D3-55AC-821D-F866B0505DE4}.Debug|Any CPU.Build.0 = Debug|Any CPU
		{9F3A6BDE-F9D3-55AC-821D-F866B0505DE4}.Release|Any CPU.ActiveCfg = Release|Any CPU
		{9F3A6BDE-F9D3-55AC-821D-F866B0505DE4}.Release|Any CPU.Build.0 = Release|Any CPU
	EndGlobalSection
	GlobalSection(SolutionProperties) = preSolution
		HideSolutionNode = FALSE
	EndGlobalSection
	GlobalSection(ExtensibilityGlobals) = postSolution
		SolutionGuid = {39C79D14-09F7-4FD4-855A-A5D3651FAFE0}
	EndGlobalSection
EndGlobal
